
Microsoft Visual Studio Solution File, Format Version 12.00
# Visual Studio Version 17
VisualStudioVersion = 17.5.33424.131
MinimumVisualStudioVersion = 10.0.40219.1
Project("{FAE04EC0-301F-11D3-BF4B-00C04F79EFBC}") = "InheritanceMiniPro", "InheritanceMiniPro\InheritanceMiniPro.csproj", "{0B300EB1-AF6F-47B6-AF23-A063211B1048}"
EndProject
Global
	GlobalSection(SolutionConfigurationPlatforms) = preSolution
		Debug|Any CPU = Debug|Any CPU
		Release|Any CPU = Release|Any CPU
	EndGlobalSection
	GlobalSection(ProjectConfigurationPlatforms) = postSolution
		{0B300EB1-AF6F-47B6-AF23-A063211B1048}.Debug|Any CPU.ActiveCfg = Debug|Any CPU
		{0B300EB1-AF6F-47B6-AF23-A063211B1048}.Debug|Any CPU.Build.0 = Debug|Any CPU
		{0B300EB1-AF6F-47B6-AF23-A063211B1048}.Release|Any CPU.ActiveCfg = Release|Any CPU
		{0B300EB1-AF6F-47B6-AF23-A063211B1048}.Release|Any CPU.Build.0 = Release|Any CPU
	EndGlobalSection
	GlobalSection(SolutionProperties) = preSolution
		HideSolutionNode = FALSE
	EndGlobalSection
	GlobalSection(ExtensibilityGlobals) = postSolution
		SolutionGuid = {AD0E269F-D2BB-4D24-9CCD-763EA751A545}
	EndGlobalSection
EndGlobal
